// !$*UTF8*$!
{
	archiveVersion = 1;
	classes = {
	};
	objectVersion = 46;
	objects = {

/* Begin PBXBuildFile section */
		9FDB13571DC6D3E400350E4F /* DictionaryFramework.framework in Frameworks */ = {isa = PBXBuildFile; fileRef = 9FDB134D1DC6D3E400350E4F /* DictionaryFramework.framework */; };
		9FDB135C1DC6D3E400350E4F /* DictionaryFrameworkTests.m in Sources */ = {isa = PBXBuildFile; fileRef = 9FDB135B1DC6D3E400350E4F /* DictionaryFrameworkTests.m */; };
		9FDB135E1DC6D3E400350E4F /* DictionaryFramework.h in Headers */ = {isa = PBXBuildFile; fileRef = 9FDB13501DC6D3E400350E4F /* DictionaryFramework.h */; settings = {ATTRIBUTES = (Public, ); }; };
		9FDB136B1DC6D42100350E4F /* Word.xcdatamodeld in Sources */ = {isa = PBXBuildFile; fileRef = 9FDB13691DC6D42100350E4F /* Word.xcdatamodeld */; };
		9FDB136C1DC6D42100350E4F /* Word.xcdatamodeld in Sources */ = {isa = PBXBuildFile; fileRef = 9FDB13691DC6D42100350E4F /* Word.xcdatamodeld */; };
		9FDB137D1DC6D55300350E4F /* Global.h in Headers */ = {isa = PBXBuildFile; fileRef = 9FDB136E1DC6D55300350E4F /* Global.h */; };
		9FDB137E1DC6D55300350E4F /* Global.m in Sources */ = {isa = PBXBuildFile; fileRef = 9FDB136F1DC6D55300350E4F /* Global.m */; };
		9FDB137F1DC6D55300350E4F /* Global.m in Sources */ = {isa = PBXBuildFile; fileRef = 9FDB136F1DC6D55300350E4F /* Global.m */; };
		9FDB13801DC6D55300350E4F /* DataManagement.h in Headers */ = {isa = PBXBuildFile; fileRef = 9FDB13711DC6D55300350E4F /* DataManagement.h */; };
		9FDB13811DC6D55300350E4F /* DataManagement.m in Sources */ = {isa = PBXBuildFile; fileRef = 9FDB13721DC6D55300350E4F /* DataManagement.m */; };
		9FDB13821DC6D55300350E4F /* DataManagement.m in Sources */ = {isa = PBXBuildFile; fileRef = 9FDB13721DC6D55300350E4F /* DataManagement.m */; };
		9FDB13831DC6D55300350E4F /* PrintObject.h in Headers */ = {isa = PBXBuildFile; fileRef = 9FDB13741DC6D55300350E4F /* PrintObject.h */; };
		9FDB13841DC6D55300350E4F /* PrintObject.m in Sources */ = {isa = PBXBuildFile; fileRef = 9FDB13751DC6D55300350E4F /* PrintObject.m */; };
		9FDB13851DC6D55300350E4F /* PrintObject.m in Sources */ = {isa = PBXBuildFile; fileRef = 9FDB13751DC6D55300350E4F /* PrintObject.m */; };
		9FDB13861DC6D55300350E4F /* Word.h in Headers */ = {isa = PBXBuildFile; fileRef = 9FDB13771DC6D55300350E4F /* Word.h */; };
		9FDB13871DC6D55300350E4F /* Word.m in Sources */ = {isa = PBXBuildFile; fileRef = 9FDB13781DC6D55300350E4F /* Word.m */; };
		9FDB13881DC6D55300350E4F /* Word.m in Sources */ = {isa = PBXBuildFile; fileRef = 9FDB13781DC6D55300350E4F /* Word.m */; };
		9FDB13891DC6D55300350E4F /* WordEntity+CoreDataProperties.h in Headers */ = {isa = PBXBuildFile; fileRef = 9FDB13791DC6D55300350E4F /* WordEntity+CoreDataProperties.h */; };
		9FDB138A1DC6D55300350E4F /* WordEntity+CoreDataProperties.m in Sources */ = {isa = PBXBuildFile; fileRef = 9FDB137A1DC6D55300350E4F /* WordEntity+CoreDataProperties.m */; };
		9FDB138B1DC6D55300350E4F /* WordEntity+CoreDataProperties.m in Sources */ = {isa = PBXBuildFile; fileRef = 9FDB137A1DC6D55300350E4F /* WordEntity+CoreDataProperties.m */; };
		9FDB138C1DC6D55300350E4F /* WordEntity.h in Headers */ = {isa = PBXBuildFile; fileRef = 9FDB137B1DC6D55300350E4F /* WordEntity.h */; };
		9FDB138D1DC6D55300350E4F /* WordEntity.m in Sources */ = {isa = PBXBuildFile; fileRef = 9FDB137C1DC6D55300350E4F /* WordEntity.m */; };
		9FDB138E1DC6D55300350E4F /* WordEntity.m in Sources */ = {isa = PBXBuildFile; fileRef = 9FDB137C1DC6D55300350E4F /* WordEntity.m */; };
/* End PBXBuildFile section */

/* Begin PBXContainerItemProxy section */
		9FDB13581DC6D3E400350E4F /* PBXContainerItemProxy */ = {
			isa = PBXContainerItemProxy;
			containerPortal = 9FDB13441DC6D3E400350E4F /* Project object */;
			proxyType = 1;
			remoteGlobalIDString = 9FDB134C1DC6D3E400350E4F;
			remoteInfo = DictionaryFramework;
		};
/* End PBXContainerItemProxy section */

/* Begin PBXFileReference section */
		9FDB134D1DC6D3E400350E4F /* DictionaryFramework.framework */ = {isa = PBXFileReference; explicitFileType = wrapper.framework; includeInIndex = 0; path = DictionaryFramework.framework; sourceTree = BUILT_PRODUCTS_DIR; };
		9FDB13501DC6D3E400350E4F /* DictionaryFramework.h */ = {isa = PBXFileReference; lastKnownFileType = sourcecode.c.h; path = DictionaryFramework.h; sourceTree = "<group>"; };
		9FDB13511DC6D3E400350E4F /* Info.plist */ = {isa = PBXFileReference; lastKnownFileType = text.plist.xml; path = Info.plist; sourceTree = "<group>"; };
		9FDB13561DC6D3E400350E4F /* DictionaryFrameworkTests.xctest */ = {isa = PBXFileReference; explicitFileType = wrapper.cfbundle; includeInIndex = 0; path = DictionaryFrameworkTests.xctest; sourceTree = BUILT_PRODUCTS_DIR; };
		9FDB135B1DC6D3E400350E4F /* DictionaryFrameworkTests.m */ = {isa = PBXFileReference; lastKnownFileType = sourcecode.c.objc; path = DictionaryFrameworkTests.m; sourceTree = "<group>"; };
		9FDB135D1DC6D3E400350E4F /* Info.plist */ = {isa = PBXFileReference; lastKnownFileType = text.plist.xml; path = Info.plist; sourceTree = "<group>"; };
		9FDB136A1DC6D42100350E4F /* Word.xcdatamodel */ = {isa = PBXFileReference; lastKnownFileType = wrapper.xcdatamodel; path = Word.xcdatamodel; sourceTree = "<group>"; };
		9FDB136E1DC6D55300350E4F /* Global.h */ = {isa = PBXFileReference; fileEncoding = 4; lastKnownFileType = sourcecode.c.h; path = Global.h; sourceTree = "<group>"; };
		9FDB136F1DC6D55300350E4F /* Global.m */ = {isa = PBXFileReference; fileEncoding = 4; lastKnownFileType = sourcecode.c.objc; path = Global.m; sourceTree = "<group>"; };
		9FDB13711DC6D55300350E4F /* DataManagement.h */ = {isa = PBXFileReference; fileEncoding = 4; lastKnownFileType = sourcecode.c.h; path = DataManagement.h; sourceTree = "<group>"; };
		9FDB13721DC6D55300350E4F /* DataManagement.m */ = {isa = PBXFileReference; fileEncoding = 4; lastKnownFileType = sourcecode.c.objc; path = DataManagement.m; sourceTree = "<group>"; };
		9FDB13741DC6D55300350E4F /* PrintObject.h */ = {isa = PBXFileReference; fileEncoding = 4; lastKnownFileType = sourcecode.c.h; path = PrintObject.h; sourceTree = "<group>"; };
		9FDB13751DC6D55300350E4F /* PrintObject.m */ = {isa = PBXFileReference; fileEncoding = 4; lastKnownFileType = sourcecode.c.objc; path = PrintObject.m; sourceTree = "<group>"; };
		9FDB13771DC6D55300350E4F /* Word.h */ = {isa = PBXFileReference; fileEncoding = 4; lastKnownFileType = sourcecode.c.h; path = Word.h; sourceTree = "<group>"; };
		9FDB13781DC6D55300350E4F /* Word.m */ = {isa = PBXFileReference; fileEncoding = 4; lastKnownFileType = sourcecode.c.objc; path = Word.m; sourceTree = "<group>"; };
		9FDB13791DC6D55300350E4F /* WordEntity+CoreDataProperties.h */ = {isa = PBXFileReference; fileEncoding = 4; lastKnownFileType = sourcecode.c.h; path = "WordEntity+CoreDataProperties.h"; sourceTree = "<group>"; };
		9FDB137A1DC6D55300350E4F /* WordEntity+CoreDataProperties.m */ = {isa = PBXFileReference; fileEncoding = 4; lastKnownFileType = sourcecode.c.objc; path = "WordEntity+CoreDataProperties.m"; sourceTree = "<group>"; };
		9FDB137B1DC6D55300350E4F /* WordEntity.h */ = {isa = PBXFileReference; fileEncoding = 4; lastKnownFileType = sourcecode.c.h; path = WordEntity.h; sourceTree = "<group>"; };
		9FDB137C1DC6D55300350E4F /* WordEntity.m */ = {isa = PBXFileReference; fileEncoding = 4; lastKnownFileType = sourcecode.c.objc; path = WordEntity.m; sourceTree = "<group>"; };
		9FDB138F1DC6D57000350E4F /* DictionaryFrameworkTests-Bridging-Header.h */ = {isa = PBXFileReference; lastKnownFileType = sourcecode.c.h; path = "DictionaryFrameworkTests-Bridging-Header.h"; sourceTree = "<group>"; };
/* End PBXFileReference section */

/* Begin PBXFrameworksBuildPhase section */
		9FDB13491DC6D3E400350E4F /* Frameworks */ = {
			isa = PBXFrameworksBuildPhase;
			buildActionMask = 2147483647;
			files = (
			);
			runOnlyForDeploymentPostprocessing = 0;
		};
		9FDB13531DC6D3E400350E4F /* Frameworks */ = {
			isa = PBXFrameworksBuildPhase;
			buildActionMask = 2147483647;
			files = (
				9FDB13571DC6D3E400350E4F /* DictionaryFramework.framework in Frameworks */,
			);
			runOnlyForDeploymentPostprocessing = 0;
		};
/* End PBXFrameworksBuildPhase section */

/* Begin PBXGroup section */
		9FDB13431DC6D3E400350E4F = {
			isa = PBXGroup;
			children = (
				9FDB136D1DC6D55300350E4F /* Common */,
				9FDB13701DC6D55300350E4F /* Management */,
				9FDB13731DC6D55300350E4F /* Others */,
				9FDB13761DC6D55300350E4F /* Word */,
				9FDB13681DC6D41500350E4F /* Resource */,
				9FDB134F1DC6D3E400350E4F /* DictionaryFramework */,
				9FDB135A1DC6D3E400350E4F /* DictionaryFrameworkTests */,
				9FDB134E1DC6D3E400350E4F /* Products */,
				9FDB138F1DC6D57000350E4F /* DictionaryFrameworkTests-Bridging-Header.h */,
			);
			sourceTree = "<group>";
		};
		9FDB134E1DC6D3E400350E4F /* Products */ = {
			isa = PBXGroup;
			children = (
				9FDB134D1DC6D3E400350E4F /* DictionaryFramework.framework */,
				9FDB13561DC6D3E400350E4F /* DictionaryFrameworkTests.xctest */,
			);
			name = Products;
			sourceTree = "<group>";
		};
		9FDB134F1DC6D3E400350E4F /* DictionaryFramework */ = {
			isa = PBXGroup;
			children = (
				9FDB13501DC6D3E400350E4F /* DictionaryFramework.h */,
				9FDB13511DC6D3E400350E4F /* Info.plist */,
			);
			path = DictionaryFramework;
			sourceTree = "<group>";
		};
		9FDB135A1DC6D3E400350E4F /* DictionaryFrameworkTests */ = {
			isa = PBXGroup;
			children = (
				9FDB135B1DC6D3E400350E4F /* DictionaryFrameworkTests.m */,
				9FDB135D1DC6D3E400350E4F /* Info.plist */,
			);
			path = DictionaryFrameworkTests;
			sourceTree = "<group>";
		};
		9FDB13681DC6D41500350E4F /* Resource */ = {
			isa = PBXGroup;
			children = (
				9FDB13691DC6D42100350E4F /* Word.xcdatamodeld */,
			);
			path = Resource;
			sourceTree = "<group>";
		};
		9FDB136D1DC6D55300350E4F /* Common */ = {
			isa = PBXGroup;
			children = (
				9FDB136E1DC6D55300350E4F /* Global.h */,
				9FDB136F1DC6D55300350E4F /* Global.m */,
			);
			path = Common;
			sourceTree = "<group>";
		};
		9FDB13701DC6D55300350E4F /* Management */ = {
			isa = PBXGroup;
			children = (
				9FDB13711DC6D55300350E4F /* DataManagement.h */,
				9FDB13721DC6D55300350E4F /* DataManagement.m */,
			);
			path = Management;
			sourceTree = "<group>";
		};
		9FDB13731DC6D55300350E4F /* Others */ = {
			isa = PBXGroup;
			children = (
				9FDB13741DC6D55300350E4F /* PrintObject.h */,
				9FDB13751DC6D55300350E4F /* PrintObject.m */,
			);
			path = Others;
			sourceTree = "<group>";
		};
		9FDB13761DC6D55300350E4F /* Word */ = {
			isa = PBXGroup;
			children = (
				9FDB13771DC6D55300350E4F /* Word.h */,
				9FDB13781DC6D55300350E4F /* Word.m */,
				9FDB13791DC6D55300350E4F /* WordEntity+CoreDataProperties.h */,
				9FDB137A1DC6D55300350E4F /* WordEntity+CoreDataProperties.m */,
				9FDB137B1DC6D55300350E4F /* WordEntity.h */,
				9FDB137C1DC6D55300350E4F /* WordEntity.m */,
			);
			path = Word;
			sourceTree = "<group>";
		};
/* End PBXGroup section */

/* Begin PBXHeadersBuildPhase section */
		9FDB134A1DC6D3E400350E4F /* Headers */ = {
			isa = PBXHeadersBuildPhase;
			buildActionMask = 2147483647;
			files = (
				9FDB13861DC6D55300350E4F /* Word.h in Headers */,
				9FDB13891DC6D55300350E4F /* WordEntity+CoreDataProperties.h in Headers */,
				9FDB13801DC6D55300350E4F /* DataManagement.h in Headers */,
				9FDB138C1DC6D55300350E4F /* WordEntity.h in Headers */,
				9FDB135E1DC6D3E400350E4F /* DictionaryFramework.h in Headers */,
				9FDB137D1DC6D55300350E4F /* Global.h in Headers */,
				9FDB13831DC6D55300350E4F /* PrintObject.h in Headers */,
			);
			runOnlyForDeploymentPostprocessing = 0;
		};
/* End PBXHeadersBuildPhase section */

/* Begin PBXNativeTarget section */
		9FDB134C1DC6D3E400350E4F /* DictionaryFramework */ = {
			isa = PBXNativeTarget;
			buildConfigurationList = 9FDB13611DC6D3E400350E4F /* Build configuration list for PBXNativeTarget "DictionaryFramework" */;
			buildPhases = (
				9FDB13481DC6D3E400350E4F /* Sources */,
				9FDB13491DC6D3E400350E4F /* Frameworks */,
				9FDB134A1DC6D3E400350E4F /* Headers */,
				9FDB134B1DC6D3E400350E4F /* Resources */,
			);
			buildRules = (
			);
			dependencies = (
			);
			name = DictionaryFramework;
			productName = DictionaryFramework;
			productReference = 9FDB134D1DC6D3E400350E4F /* DictionaryFramework.framework */;
			productType = "com.apple.product-type.framework";
		};
		9FDB13551DC6D3E400350E4F /* DictionaryFrameworkTests */ = {
			isa = PBXNativeTarget;
			buildConfigurationList = 9FDB13641DC6D3E400350E4F /* Build configuration list for PBXNativeTarget "DictionaryFrameworkTests" */;
			buildPhases = (
				9FDB13521DC6D3E400350E4F /* Sources */,
				9FDB13531DC6D3E400350E4F /* Frameworks */,
				9FDB13541DC6D3E400350E4F /* Resources */,
			);
			buildRules = (
			);
			dependencies = (
				9FDB13591DC6D3E400350E4F /* PBXTargetDependency */,
			);
			name = DictionaryFrameworkTests;
			productName = DictionaryFrameworkTests;
			productReference = 9FDB13561DC6D3E400350E4F /* DictionaryFrameworkTests.xctest */;
			productType = "com.apple.product-type.bundle.unit-test";
		};
/* End PBXNativeTarget section */

/* Begin PBXProject section */
		9FDB13441DC6D3E400350E4F /* Project object */ = {
			isa = PBXProject;
			attributes = {
				LastUpgradeCheck = 0800;
				ORGANIZATIONNAME = "Spencer Mo";
				TargetAttributes = {
					9FDB134C1DC6D3E400350E4F = {
						CreatedOnToolsVersion = 8.0;
						LastSwiftMigration = 0800;
						ProvisioningStyle = Automatic;
					};
					9FDB13551DC6D3E400350E4F = {
						CreatedOnToolsVersion = 8.0;
						LastSwiftMigration = 0800;
						ProvisioningStyle = Automatic;
					};
				};
			};
			buildConfigurationList = 9FDB13471DC6D3E400350E4F /* Build configuration list for PBXProject "DictionaryFramework" */;
			compatibilityVersion = "Xcode 3.2";
			developmentRegion = English;
			hasScannedForEncodings = 0;
			knownRegions = (
				en,
			);
			mainGroup = 9FDB13431DC6D3E400350E4F;
			productRefGroup = 9FDB134E1DC6D3E400350E4F /* Products */;
			projectDirPath = "";
			projectRoot = "";
			targets = (
				9FDB134C1DC6D3E400350E4F /* DictionaryFramework */,
				9FDB13551DC6D3E400350E4F /* DictionaryFrameworkTests */,
			);
		};
/* End PBXProject section */

/* Begin PBXResourcesBuildPhase section */
		9FDB134B1DC6D3E400350E4F /* Resources */ = {
			isa = PBXResourcesBuildPhase;
			buildActionMask = 2147483647;
			files = (
			);
			runOnlyForDeploymentPostprocessing = 0;
		};
		9FDB13541DC6D3E400350E4F /* Resources */ = {
			isa = PBXResourcesBuildPhase;
			buildActionMask = 2147483647;
			files = (
			);
			runOnlyForDeploymentPostprocessing = 0;
		};
/* End PBXResourcesBuildPhase section */

/* Begin PBXSourcesBuildPhase section */
		9FDB13481DC6D3E400350E4F /* Sources */ = {
			isa = PBXSourcesBuildPhase;
			buildActionMask = 2147483647;
			files = (
				9FDB13871DC6D55300350E4F /* Word.m in Sources */,
				9FDB13841DC6D55300350E4F /* PrintObject.m in Sources */,
				9FDB137E1DC6D55300350E4F /* Global.m in Sources */,
				9FDB13811DC6D55300350E4F /* DataManagement.m in Sources */,
				9FDB138A1DC6D55300350E4F /* WordEntity+CoreDataProperties.m in Sources */,
				9FDB136B1DC6D42100350E4F /* Word.xcdatamodeld in Sources */,
				9FDB138D1DC6D55300350E4F /* WordEntity.m in Sources */,
			);
			runOnlyForDeploymentPostprocessing = 0;
		};
		9FDB13521DC6D3E400350E4F /* Sources */ = {
			isa = PBXSourcesBuildPhase;
			buildActionMask = 2147483647;
			files = (
				9FDB138E1DC6D55300350E4F /* WordEntity.m in Sources */,
				9FDB13851DC6D55300350E4F /* PrintObject.m in Sources */,
				9FDB137F1DC6D55300350E4F /* Global.m in Sources */,
				9FDB135C1DC6D3E400350E4F /* DictionaryFrameworkTests.m in Sources */,
				9FDB13821DC6D55300350E4F /* DataManagement.m in Sources */,
				9FDB138B1DC6D55300350E4F /* WordEntity+CoreDataProperties.m in Sources */,
				9FDB136C1DC6D42100350E4F /* Word.xcdatamodeld in Sources */,
				9FDB13881DC6D55300350E4F /* Word.m in Sources */,
			);
			runOnlyForDeploymentPostprocessing = 0;
		};
/* End PBXSourcesBuildPhase section */

/* Begin PBXTargetDependency section */
		9FDB13591DC6D3E400350E4F /* PBXTargetDependency */ = {
			isa = PBXTargetDependency;
			target = 9FDB134C1DC6D3E400350E4F /* DictionaryFramework */;
			targetProxy = 9FDB13581DC6D3E400350E4F /* PBXContainerItemProxy */;
		};
/* End PBXTargetDependency section */

/* Begin XCBuildConfiguration section */
		9FDB135F1DC6D3E400350E4F /* Debug */ = {
			isa = XCBuildConfiguration;
			buildSettings = {
				ALWAYS_SEARCH_USER_PATHS = NO;
				CLANG_ANALYZER_NONNULL = YES;
				CLANG_CXX_LANGUAGE_STANDARD = "gnu++0x";
				CLANG_CXX_LIBRARY = "libc++";
				CLANG_ENABLE_MODULES = YES;
				CLANG_ENABLE_OBJC_ARC = YES;
				CLANG_WARN_BOOL_CONVERSION = YES;
				CLANG_WARN_CONSTANT_CONVERSION = YES;
				CLANG_WARN_DIRECT_OBJC_ISA_USAGE = YES_ERROR;
				CLANG_WARN_DOCUMENTATION_COMMENTS = YES;
				CLANG_WARN_EMPTY_BODY = YES;
				CLANG_WARN_ENUM_CONVERSION = YES;
				CLANG_WARN_INFINITE_RECURSION = YES;
				CLANG_WARN_INT_CONVERSION = YES;
				CLANG_WARN_OBJC_ROOT_CLASS = YES_ERROR;
				CLANG_WARN_SUSPICIOUS_MOVES = YES;
				CLANG_WARN_UNREACHABLE_CODE = YES;
				CLANG_WARN__DUPLICATE_METHOD_MATCH = YES;
				"CODE_SIGN_IDENTITY[sdk=iphoneos*]" = "iPhone Developer";
				COPY_PHASE_STRIP = NO;
				CURRENT_PROJECT_VERSION = 1;
				DEBUG_INFORMATION_FORMAT = dwarf;
				ENABLE_STRICT_OBJC_MSGSEND = YES;
				ENABLE_TESTABILITY = YES;
				GCC_C_LANGUAGE_STANDARD = gnu99;
				GCC_DYNAMIC_NO_PIC = NO;
				GCC_NO_COMMON_BLOCKS = YES;
				GCC_OPTIMIZATION_LEVEL = 0;
				GCC_PREPROCESSOR_DEFINITIONS = (
					"DEBUG=1",
					"$(inherited)",
				);
				GCC_WARN_64_TO_32_BIT_CONVERSION = YES;
				GCC_WARN_ABOUT_RETURN_TYPE = YES_ERROR;
				GCC_WARN_UNDECLARED_SELECTOR = YES;
				GCC_WARN_UNINITIALIZED_AUTOS = YES_AGGRESSIVE;
				GCC_WARN_UNUSED_FUNCTION = YES;
				GCC_WARN_UNUSED_VARIABLE = YES;
				IPHONEOS_DEPLOYMENT_TARGET = 10.0;
				MTL_ENABLE_DEBUG_INFO = YES;
				ONLY_ACTIVE_ARCH = YES;
				SDKROOT = iphoneos;
				TARGETED_DEVICE_FAMILY = "1,2";
				VERSIONING_SYSTEM = "apple-generic";
				VERSION_INFO_PREFIX = "";
			};
			name = Debug;
		};
		9FDB13601DC6D3E400350E4F /* Release */ = {
			isa = XCBuildConfiguration;
			buildSettings = {
				ALWAYS_SEARCH_USER_PATHS = NO;
				CLANG_ANALYZER_NONNULL = YES;
				CLANG_CXX_LANGUAGE_STANDARD = "gnu++0x";
				CLANG_CXX_LIBRARY = "libc++";
				CLANG_ENABLE_MODULES = YES;
				CLANG_ENABLE_OBJC_ARC = YES;
				CLANG_WARN_BOOL_CONVERSION = YES;
				CLANG_WARN_CONSTANT_CONVERSION = YES;
				CLANG_WARN_DIRECT_OBJC_ISA_USAGE = YES_ERROR;
				CLANG_WARN_DOCUMENTATION_COMMENTS = YES;
				CLANG_WARN_EMPTY_BODY = YES;
				CLANG_WARN_ENUM_CONVERSION = YES;
				CLANG_WARN_INFINITE_RECURSION = YES;
				CLANG_WARN_INT_CONVERSION = YES;
				CLANG_WARN_OBJC_ROOT_CLASS = YES_ERROR;
				CLANG_WARN_SUSPICIOUS_MOVES = YES;
				CLANG_WARN_UNREACHABLE_CODE = YES;
				CLANG_WARN__DUPLICATE_METHOD_MATCH = YES;
				"CODE_SIGN_IDENTITY[sdk=iphoneos*]" = "iPhone Developer";
				COPY_PHASE_STRIP = NO;
				CURRENT_PROJECT_VERSION = 1;
				DEBUG_INFORMATION_FORMAT = "dwarf-with-dsym";
				ENABLE_NS_ASSERTIONS = NO;
				ENABLE_STRICT_OBJC_MSGSEND = YES;
				GCC_C_LANGUAGE_STANDARD = gnu99;
				GCC_NO_COMMON_BLOCKS = YES;
				GCC_WARN_64_TO_32_BIT_CONVERSION = YES;
				GCC_WARN_ABOUT_RETURN_TYPE = YES_ERROR;
				GCC_WARN_UNDECLARED_SELECTOR = YES;
				GCC_WARN_UNINITIALIZED_AUTOS = YES_AGGRESSIVE;
				GCC_WARN_UNUSED_FUNCTION = YES;
				GCC_WARN_UNUSED_VARIABLE = YES;
				IPHONEOS_DEPLOYMENT_TARGET = 10.0;
				MTL_ENABLE_DEBUG_INFO = NO;
				SDKROOT = iphoneos;
				TARGETED_DEVICE_FAMILY = "1,2";
				VALIDATE_PRODUCT = YES;
				VERSIONING_SYSTEM = "apple-generic";
				VERSION_INFO_PREFIX = "";
			};
			name = Release;
		};
		9FDB13621DC6D3E400350E4F /* Debug */ = {
			isa = XCBuildConfiguration;
			buildSettings = {
				CLANG_ENABLE_MODULES = YES;
				CODE_SIGN_IDENTITY = "";
				DEFINES_MODULE = YES;
				DYLIB_COMPATIBILITY_VERSION = 1;
				DYLIB_CURRENT_VERSION = 1;
				DYLIB_INSTALL_NAME_BASE = "@rpath";
				INFOPLIST_FILE = DictionaryFramework/Info.plist;
				INSTALL_PATH = "$(LOCAL_LIBRARY_DIR)/Frameworks";
				LD_RUNPATH_SEARCH_PATHS = "$(inherited) @executable_path/Frameworks @loader_path/Frameworks";
				PRODUCT_BUNDLE_IDENTIFIER = Intel.DictionaryFramework;
				PRODUCT_NAME = "$(TARGET_NAME)";
				SKIP_INSTALL = YES;
				SWIFT_OPTIMIZATION_LEVEL = "-Onone";
				SWIFT_VERSION = 3.0;
			};
			name = Debug;
		};
		9FDB13631DC6D3E400350E4F /* Release */ = {
			isa = XCBuildConfiguration;
			buildSettings = {
				CLANG_ENABLE_MODULES = YES;
				CODE_SIGN_IDENTITY = "";
				DEFINES_MODULE = YES;
				DYLIB_COMPATIBILITY_VERSION = 1;
				DYLIB_CURRENT_VERSION = 1;
				DYLIB_INSTALL_NAME_BASE = "@rpath";
				INFOPLIST_FILE = DictionaryFramework/Info.plist;
				INSTALL_PATH = "$(LOCAL_LIBRARY_DIR)/Frameworks";
				LD_RUNPATH_SEARCH_PATHS = "$(inherited) @executable_path/Frameworks @loader_path/Frameworks";
				PRODUCT_BUNDLE_IDENTIFIER = Intel.DictionaryFramework;
				PRODUCT_NAME = "$(TARGET_NAME)";
				SKIP_INSTALL = YES;
				SWIFT_VERSION = 3.0;
			};
			name = Release;
		};
		9FDB13651DC6D3E400350E4F /* Debug */ = {
			isa = XCBuildConfiguration;
			buildSettings = {
				CLANG_ENABLE_MODULES = YES;
				INFOPLIST_FILE = DictionaryFrameworkTests/Info.plist;
				LD_RUNPATH_SEARCH_PATHS = "$(inherited) @executable_path/Frameworks @loader_path/Frameworks";
				PRODUCT_BUNDLE_IDENTIFIER = Intel.DictionaryFrameworkTests;
				PRODUCT_NAME = "$(TARGET_NAME)";
				SWIFT_OBJC_BRIDGING_HEADER = "DictionaryFrameworkTests-Bridging-Header.h";
				SWIFT_OPTIMIZATION_LEVEL = "-Onone";
				SWIFT_VERSION = 3.0;
			};
			name = Debug;
		};
		9FDB13661DC6D3E400350E4F /* Release */ = {
			isa = XCBuildConfiguration;
			buildSettings = {
				CLANG_ENABLE_MODULES = YES;
				INFOPLIST_FILE = DictionaryFrameworkTests/Info.plist;
				LD_RUNPATH_SEARCH_PATHS = "$(inherited) @executable_path/Frameworks @loader_path/Frameworks";
				PRODUCT_BUNDLE_IDENTIFIER = Intel.DictionaryFrameworkTests;
				PRODUCT_NAME = "$(TARGET_NAME)";
				SWIFT_OBJC_BRIDGING_HEADER = "DictionaryFrameworkTests-Bridging-Header.h";
				SWIFT_VERSION = 3.0;
			};
			name = Release;
		};
/* End XCBuildConfiguration section */

/* Begin XCConfigurationList section */
		9FDB13471DC6D3E400350E4F /* Build configuration list for PBXProject "DictionaryFramework" */ = {
			isa = XCConfigurationList;
			buildConfigurations = (
				9FDB135F1DC6D3E400350E4F /* Debug */,
				9FDB13601DC6D3E400350E4F /* Release */,
			);
			defaultConfigurationIsVisible = 0;
			defaultConfigurationName = Release;
		};
		9FDB13611DC6D3E400350E4F /* Build configuration list for PBXNativeTarget "DictionaryFramework" */ = {
			isa = XCConfigurationList;
			buildConfigurations = (
				9FDB13621DC6D3E400350E4F /* Debug */,
				9FDB13631DC6D3E400350E4F /* Release */,
			);
			defaultConfigurationIsVisible = 0;
		};
		9FDB13641DC6D3E400350E4F /* Build configuration list for PBXNativeTarget "DictionaryFrameworkTests" */ = {
			isa = XCConfigurationList;
			buildConfigurations = (
				9FDB13651DC6D3E400350E4F /* Debug */,
				9FDB13661DC6D3E400350E4F /* Release */,
			);
			defaultConfigurationIsVisible = 0;
		};
/* End XCConfigurationList section */

/* Begin XCVersionGroup section */
		9FDB13691DC6D42100350E4F /* Word.xcdatamodeld */ = {
			isa = XCVersionGroup;
			children = (
				9FDB136A1DC6D42100350E4F /* Word.xcdatamodel */,
			);
			currentVersion = 9FDB136A1DC6D42100350E4F /* Word.xcdatamodel */;
			path = Word.xcdatamodeld;
			sourceTree = "<group>";
			versionGroupType = wrapper.xcdatamodel;
		};
/* End XCVersionGroup section */
	};
	rootObject = 9FDB13441DC6D3E400350E4F /* Project object */;
}
